// !$*UTF8*$!
{
	archiveVersion = 1;
	classes = {
	};
	objectVersion = 56;
	objects = {

/* Begin PBXBuildFile section */
		1327B5762B688622000E3BA5 /* MessageMeApp.swift in Sources */ = {isa = PBXBuildFile; fileRef = 1327B5752B688622000E3BA5 /* MessageMeApp.swift */; };
		1327B5782B688622000E3BA5 /* ContentView.swift in Sources */ = {isa = PBXBuildFile; fileRef = 1327B5772B688622000E3BA5 /* ContentView.swift */; };
		1327B57A2B688623000E3BA5 /* Assets.xcassets in Resources */ = {isa = PBXBuildFile; fileRef = 1327B5792B688623000E3BA5 /* Assets.xcassets */; };
		1327B57D2B688623000E3BA5 /* Preview Assets.xcassets in Resources */ = {isa = PBXBuildFile; fileRef = 1327B57C2B688623000E3BA5 /* Preview Assets.xcassets */; };
		1327B58D2B689648000E3BA5 /* LoginView.swift in Sources */ = {isa = PBXBuildFile; fileRef = 1327B58C2B689648000E3BA5 /* LoginView.swift */; };
		1327B5912B68B901000E3BA5 /* RegistrationView.swift in Sources */ = {isa = PBXBuildFile; fileRef = 1327B5902B68B901000E3BA5 /* RegistrationView.swift */; };
		1327B5932B68BB16000E3BA5 /* InboxView.swift in Sources */ = {isa = PBXBuildFile; fileRef = 1327B5922B68BB16000E3BA5 /* InboxView.swift */; };
		1327B5962B68BC6F000E3BA5 /* ActiveNowView.swift in Sources */ = {isa = PBXBuildFile; fileRef = 1327B5952B68BC6F000E3BA5 /* ActiveNowView.swift */; };
		1327B59B2B68BEE2000E3BA5 /* InboxRowView.swift in Sources */ = {isa = PBXBuildFile; fileRef = 1327B59A2B68BEE2000E3BA5 /* InboxRowView.swift */; };
		1327B59E2B68C2E7000E3BA5 /* NewMessageView.swift in Sources */ = {isa = PBXBuildFile; fileRef = 1327B59D2B68C2E7000E3BA5 /* NewMessageView.swift */; };
		1327B5A32B68C836000E3BA5 /* ProfileView.swift in Sources */ = {isa = PBXBuildFile; fileRef = 1327B5A22B68C836000E3BA5 /* ProfileView.swift */; };
		1327B5A52B68C9B7000E3BA5 /* SettingsOptionsViewModel.swift in Sources */ = {isa = PBXBuildFile; fileRef = 1327B5A42B68C9B7000E3BA5 /* SettingsOptionsViewModel.swift */; };
		1327B5A72B6963B7000E3BA5 /* ProfileViewModel.swift in Sources */ = {isa = PBXBuildFile; fileRef = 1327B5A62B6963B7000E3BA5 /* ProfileViewModel.swift */; };
		1327B5A92B696643000E3BA5 /* User.swift in Sources */ = {isa = PBXBuildFile; fileRef = 1327B5A82B696643000E3BA5 /* User.swift */; };
		1327B5AC2B696C68000E3BA5 /* CircularProfileImageView.swift in Sources */ = {isa = PBXBuildFile; fileRef = 1327B5AB2B696C68000E3BA5 /* CircularProfileImageView.swift */; };
		1327B5AF2B696FEF000E3BA5 /* ChatView.swift in Sources */ = {isa = PBXBuildFile; fileRef = 1327B5AE2B696FEF000E3BA5 /* ChatView.swift */; };
		1327B5B12B6972AC000E3BA5 /* ChatMessageCell.swift in Sources */ = {isa = PBXBuildFile; fileRef = 1327B5B02B6972AC000E3BA5 /* ChatMessageCell.swift */; };
		1327B5B32B697576000E3BA5 /* ChatBubble.swift in Sources */ = {isa = PBXBuildFile; fileRef = 1327B5B22B697576000E3BA5 /* ChatBubble.swift */; };
		1327B5B52B697C4A000E3BA5 /* GoogleService-Info.plist in Resources */ = {isa = PBXBuildFile; fileRef = 1327B5B42B697C4A000E3BA5 /* GoogleService-Info.plist */; };
		1327B5B82B697CBD000E3BA5 /* FirebaseAuth in Frameworks */ = {isa = PBXBuildFile; productRef = 1327B5B72B697CBD000E3BA5 /* FirebaseAuth */; };
		1327B5BA2B697CBD000E3BA5 /* FirebaseFirestore in Frameworks */ = {isa = PBXBuildFile; productRef = 1327B5B92B697CBD000E3BA5 /* FirebaseFirestore */; };
		1327B5BC2B697CBD000E3BA5 /* FirebaseFirestoreSwift in Frameworks */ = {isa = PBXBuildFile; productRef = 1327B5BB2B697CBD000E3BA5 /* FirebaseFirestoreSwift */; };
		1327B5BE2B697CBD000E3BA5 /* FirebaseStorage in Frameworks */ = {isa = PBXBuildFile; productRef = 1327B5BD2B697CBD000E3BA5 /* FirebaseStorage */; };
/* End PBXBuildFile section */

/* Begin PBXFileReference section */
		1327B5722B688622000E3BA5 /* MessageMe.app */ = {isa = PBXFileReference; explicitFileType = wrapper.application; includeInIndex = 0; path = MessageMe.app; sourceTree = BUILT_PRODUCTS_DIR; };
		1327B5752B688622000E3BA5 /* MessageMeApp.swift */ = {isa = PBXFileReference; lastKnownFileType = sourcecode.swift; path = MessageMeApp.swift; sourceTree = "<group>"; };
		1327B5772B688622000E3BA5 /* ContentView.swift */ = {isa = PBXFileReference; lastKnownFileType = sourcecode.swift; path = ContentView.swift; sourceTree = "<group>"; };
		1327B5792B688623000E3BA5 /* Assets.xcassets */ = {isa = PBXFileReference; lastKnownFileType = folder.assetcatalog; path = Assets.xcassets; sourceTree = "<group>"; };
		1327B57C2B688623000E3BA5 /* Preview Assets.xcassets */ = {isa = PBXFileReference; lastKnownFileType = folder.assetcatalog; path = "Preview Assets.xcassets"; sourceTree = "<group>"; };
		1327B58C2B689648000E3BA5 /* LoginView.swift */ = {isa = PBXFileReference; lastKnownFileType = sourcecode.swift; path = LoginView.swift; sourceTree = "<group>"; };
		1327B5902B68B901000E3BA5 /* RegistrationView.swift */ = {isa = PBXFileReference; lastKnownFileType = sourcecode.swift; path = RegistrationView.swift; sourceTree = "<group>"; };
		1327B5922B68BB16000E3BA5 /* InboxView.swift */ = {isa = PBXFileReference; lastKnownFileType = sourcecode.swift; name = InboxView.swift; path = ../Root/InboxView.swift; sourceTree = "<group>"; };
		1327B5952B68BC6F000E3BA5 /* ActiveNowView.swift */ = {isa = PBXFileReference; lastKnownFileType = sourcecode.swift; path = ActiveNowView.swift; sourceTree = "<group>"; };
		1327B59A2B68BEE2000E3BA5 /* InboxRowView.swift */ = {isa = PBXFileReference; lastKnownFileType = sourcecode.swift; path = InboxRowView.swift; sourceTree = "<group>"; };
		1327B59D2B68C2E7000E3BA5 /* NewMessageView.swift */ = {isa = PBXFileReference; lastKnownFileType = sourcecode.swift; path = NewMessageView.swift; sourceTree = "<group>"; };
		1327B5A22B68C836000E3BA5 /* ProfileView.swift */ = {isa = PBXFileReference; lastKnownFileType = sourcecode.swift; name = ProfileView.swift; path = MessageMe/Core/NewMessage/ProfileView.swift; sourceTree = SOURCE_ROOT; };
		1327B5A42B68C9B7000E3BA5 /* SettingsOptionsViewModel.swift */ = {isa = PBXFileReference; lastKnownFileType = sourcecode.swift; path = SettingsOptionsViewModel.swift; sourceTree = "<group>"; };
		1327B5A62B6963B7000E3BA5 /* ProfileViewModel.swift */ = {isa = PBXFileReference; lastKnownFileType = sourcecode.swift; path = ProfileViewModel.swift; sourceTree = "<group>"; };
		1327B5A82B696643000E3BA5 /* User.swift */ = {isa = PBXFileReference; lastKnownFileType = sourcecode.swift; path = User.swift; sourceTree = "<group>"; };
		1327B5AB2B696C68000E3BA5 /* CircularProfileImageView.swift */ = {isa = PBXFileReference; lastKnownFileType = sourcecode.swift; path = CircularProfileImageView.swift; sourceTree = "<group>"; };
		1327B5AE2B696FEF000E3BA5 /* ChatView.swift */ = {isa = PBXFileReference; lastKnownFileType = sourcecode.swift; path = ChatView.swift; sourceTree = "<group>"; };
		1327B5B02B6972AC000E3BA5 /* ChatMessageCell.swift */ = {isa = PBXFileReference; lastKnownFileType = sourcecode.swift; path = ChatMessageCell.swift; sourceTree = "<group>"; };
		1327B5B22B697576000E3BA5 /* ChatBubble.swift */ = {isa = PBXFileReference; lastKnownFileType = sourcecode.swift; path = ChatBubble.swift; sourceTree = "<group>"; };
		1327B5B42B697C4A000E3BA5 /* GoogleService-Info.plist */ = {isa = PBXFileReference; fileEncoding = 4; lastKnownFileType = text.plist.xml; path = "GoogleService-Info.plist"; sourceTree = "<group>"; };
/* End PBXFileReference section */

/* Begin PBXFrameworksBuildPhase section */
		1327B56F2B688622000E3BA5 /* Frameworks */ = {
			isa = PBXFrameworksBuildPhase;
			buildActionMask = 2147483647;
			files = (
				1327B5B82B697CBD000E3BA5 /* FirebaseAuth in Frameworks */,
				1327B5BE2B697CBD000E3BA5 /* FirebaseStorage in Frameworks */,
				1327B5BA2B697CBD000E3BA5 /* FirebaseFirestore in Frameworks */,
				1327B5BC2B697CBD000E3BA5 /* FirebaseFirestoreSwift in Frameworks */,
			);
			runOnlyForDeploymentPostprocessing = 0;
		};
/* End PBXFrameworksBuildPhase section */

/* Begin PBXGroup section */
		1327B5692B688622000E3BA5 = {
			isa = PBXGroup;
			children = (
				1327B5742B688622000E3BA5 /* MessageMe */,
				1327B5B42B697C4A000E3BA5 /* GoogleService-Info.plist */,
				1327B5732B688622000E3BA5 /* Products */,
			);
			sourceTree = "<group>";
		};
		1327B5732B688622000E3BA5 /* Products */ = {
			isa = PBXGroup;
			children = (
				1327B5722B688622000E3BA5 /* MessageMe.app */,
			);
			name = Products;
			sourceTree = "<group>";
		};
		1327B5742B688622000E3BA5 /* MessageMe */ = {
			isa = PBXGroup;
			children = (
				1327B5832B688636000E3BA5 /* App */,
				1327B5842B688637000E3BA5 /* Core */,
				1327B5862B68956E000E3BA5 /* Extensions */,
				1327B5872B689584000E3BA5 /* Model */,
				1327B5882B689594000E3BA5 /* Service */,
				1327B57B2B688623000E3BA5 /* Preview Content */,
			);
			path = MessageMe;
			sourceTree = "<group>";
		};
		1327B57B2B688623000E3BA5 /* Preview Content */ = {
			isa = PBXGroup;
			children = (
				1327B57C2B688623000E3BA5 /* Preview Assets.xcassets */,
			);
			path = "Preview Content";
			sourceTree = "<group>";
		};
		1327B5832B688636000E3BA5 /* App */ = {
			isa = PBXGroup;
			children = (
				1327B5792B688623000E3BA5 /* Assets.xcassets */,
				1327B5752B688622000E3BA5 /* MessageMeApp.swift */,
			);
			path = App;
			sourceTree = "<group>";
		};
		1327B5842B688637000E3BA5 /* Core */ = {
			isa = PBXGroup;
			children = (
				1327B5942B68BC55000E3BA5 /* ActiveNow */,
				1327B58A2B6895DD000E3BA5 /* Authentication */,
				1327B5AD2B696FD7000E3BA5 /* Chat */,
				1327B5AA2B696C40000E3BA5 /* Components */,
				1327B5972B68BE53000E3BA5 /* Inbox */,
				1327B59C2B68C2CF000E3BA5 /* NewMessage */,
				1327B59F2B68C7ED000E3BA5 /* Profile */,
				1327B5892B6895CE000E3BA5 /* Root */,
			);
			path = Core;
			sourceTree = "<group>";
		};
		1327B5862B68956E000E3BA5 /* Extensions */ = {
			isa = PBXGroup;
			children = (
			);
			path = Extensions;
			sourceTree = "<group>";
		};
		1327B5872B689584000E3BA5 /* Model */ = {
			isa = PBXGroup;
			children = (
				1327B5A82B696643000E3BA5 /* User.swift */,
			);
			path = Model;
			sourceTree = "<group>";
		};
		1327B5882B689594000E3BA5 /* Service */ = {
			isa = PBXGroup;
			children = (
			);
			path = Service;
			sourceTree = "<group>";
		};
		1327B5892B6895CE000E3BA5 /* Root */ = {
			isa = PBXGroup;
			children = (
			);
			path = Root;
			sourceTree = "<group>";
		};
		1327B58A2B6895DD000E3BA5 /* Authentication */ = {
			isa = PBXGroup;
			children = (
				1327B58B2B689601000E3BA5 /* View */,
			);
			path = Authentication;
			sourceTree = "<group>";
		};
		1327B58B2B689601000E3BA5 /* View */ = {
			isa = PBXGroup;
			children = (
				1327B5772B688622000E3BA5 /* ContentView.swift */,
				1327B58C2B689648000E3BA5 /* LoginView.swift */,
				1327B5902B68B901000E3BA5 /* RegistrationView.swift */,
			);
			path = View;
			sourceTree = "<group>";
		};
		1327B5942B68BC55000E3BA5 /* ActiveNow */ = {
			isa = PBXGroup;
			children = (
				1327B5952B68BC6F000E3BA5 /* ActiveNowView.swift */,
			);
			path = ActiveNow;
			sourceTree = "<group>";
		};
		1327B5972B68BE53000E3BA5 /* Inbox */ = {
			isa = PBXGroup;
			children = (
				1327B5922B68BB16000E3BA5 /* InboxView.swift */,
				1327B59A2B68BEE2000E3BA5 /* InboxRowView.swift */,
			);
			path = Inbox;
			sourceTree = "<group>";
		};
		1327B59C2B68C2CF000E3BA5 /* NewMessage */ = {
			isa = PBXGroup;
			children = (
				1327B59D2B68C2E7000E3BA5 /* NewMessageView.swift */,
			);
			path = NewMessage;
			sourceTree = "<group>";
		};
		1327B59F2B68C7ED000E3BA5 /* Profile */ = {
			isa = PBXGroup;
			children = (
				1327B5A12B68C807000E3BA5 /* View */,
				1327B5A02B68C807000E3BA5 /* ViewModel */,
			);
			path = Profile;
			sourceTree = "<group>";
		};
		1327B5A02B68C807000E3BA5 /* ViewModel */ = {
			isa = PBXGroup;
			children = (
				1327B5A42B68C9B7000E3BA5 /* SettingsOptionsViewModel.swift */,
				1327B5A62B6963B7000E3BA5 /* ProfileViewModel.swift */,
			);
			path = ViewModel;
			sourceTree = "<group>";
		};
		1327B5A12B68C807000E3BA5 /* View */ = {
			isa = PBXGroup;
			children = (
				1327B5A22B68C836000E3BA5 /* ProfileView.swift */,
			);
			name = View;
			path = "New Group/View";
			sourceTree = "<group>";
		};
		1327B5AA2B696C40000E3BA5 /* Components */ = {
			isa = PBXGroup;
			children = (
				1327B5AB2B696C68000E3BA5 /* CircularProfileImageView.swift */,
			);
			path = Components;
			sourceTree = "<group>";
		};
		1327B5AD2B696FD7000E3BA5 /* Chat */ = {
			isa = PBXGroup;
			children = (
				1327B5AE2B696FEF000E3BA5 /* ChatView.swift */,
				1327B5B02B6972AC000E3BA5 /* ChatMessageCell.swift */,
				1327B5B22B697576000E3BA5 /* ChatBubble.swift */,
			);
			path = Chat;
			sourceTree = "<group>";
		};
/* End PBXGroup section */

/* Begin PBXNativeTarget section */
		1327B5712B688622000E3BA5 /* MessageMe */ = {
			isa = PBXNativeTarget;
			buildConfigurationList = 1327B5802B688623000E3BA5 /* Build configuration list for PBXNativeTarget "MessageMe" */;
			buildPhases = (
				1327B56E2B688622000E3BA5 /* Sources */,
				1327B56F2B688622000E3BA5 /* Frameworks */,
				1327B5702B688622000E3BA5 /* Resources */,
			);
			buildRules = (
			);
			dependencies = (
			);
			name = MessageMe;
			packageProductDependencies = (
				1327B5B72B697CBD000E3BA5 /* FirebaseAuth */,
				1327B5B92B697CBD000E3BA5 /* FirebaseFirestore */,
				1327B5BB2B697CBD000E3BA5 /* FirebaseFirestoreSwift */,
				1327B5BD2B697CBD000E3BA5 /* FirebaseStorage */,
			);
			productName = MessageMe;
			productReference = 1327B5722B688622000E3BA5 /* MessageMe.app */;
			productType = "com.apple.product-type.application";
		};
/* End PBXNativeTarget section */

/* Begin PBXProject section */
		1327B56A2B688622000E3BA5 /* Project object */ = {
			isa = PBXProject;
			attributes = {
				BuildIndependentTargetsInParallel = 1;
				LastSwiftUpdateCheck = 1420;
				LastUpgradeCheck = 1420;
				TargetAttributes = {
					1327B5712B688622000E3BA5 = {
						CreatedOnToolsVersion = 14.2;
					};
				};
			};
			buildConfigurationList = 1327B56D2B688622000E3BA5 /* Build configuration list for PBXProject "MessageMe" */;
			compatibilityVersion = "Xcode 14.0";
			developmentRegion = en;
			hasScannedForEncodings = 0;
			knownRegions = (
				en,
				Base,
			);
			mainGroup = 1327B5692B688622000E3BA5;
			packageReferences = (
				1327B5B62B697CBD000E3BA5 /* XCRemoteSwiftPackageReference "firebase-ios-sdk" */,
			);
			productRefGroup = 1327B5732B688622000E3BA5 /* Products */;
			projectDirPath = "";
			projectRoot = "";
			targets = (
				1327B5712B688622000E3BA5 /* MessageMe */,
			);
		};
/* End PBXProject section */

/* Begin PBXResourcesBuildPhase section */
		1327B5702B688622000E3BA5 /* Resources */ = {
			isa = PBXResourcesBuildPhase;
			buildActionMask = 2147483647;
			files = (
				1327B57D2B688623000E3BA5 /* Preview Assets.xcassets in Resources */,
				1327B57A2B688623000E3BA5 /* Assets.xcassets in Resources */,
				1327B5B52B697C4A000E3BA5 /* GoogleService-Info.plist in Resources */,
			);
			runOnlyForDeploymentPostprocessing = 0;
		};
/* End PBXResourcesBuildPhase section */

/* Begin PBXSourcesBuildPhase section */
		1327B56E2B688622000E3BA5 /* Sources */ = {
			isa = PBXSourcesBuildPhase;
			buildActionMask = 2147483647;
			files = (
				1327B59B2B68BEE2000E3BA5 /* InboxRowView.swift in Sources */,
				1327B5A32B68C836000E3BA5 /* ProfileView.swift in Sources */,
				1327B59E2B68C2E7000E3BA5 /* NewMessageView.swift in Sources */,
				1327B58D2B689648000E3BA5 /* LoginView.swift in Sources */,
				1327B5AF2B696FEF000E3BA5 /* ChatView.swift in Sources */,
				1327B5782B688622000E3BA5 /* ContentView.swift in Sources */,
				1327B5B12B6972AC000E3BA5 /* ChatMessageCell.swift in Sources */,
				1327B5B32B697576000E3BA5 /* ChatBubble.swift in Sources */,
				1327B5AC2B696C68000E3BA5 /* CircularProfileImageView.swift in Sources */,
				1327B5932B68BB16000E3BA5 /* InboxView.swift in Sources */,
				1327B5962B68BC6F000E3BA5 /* ActiveNowView.swift in Sources */,
				1327B5A72B6963B7000E3BA5 /* ProfileViewModel.swift in Sources */,
				1327B5A92B696643000E3BA5 /* User.swift in Sources */,
				1327B5762B688622000E3BA5 /* MessageMeApp.swift in Sources */,
				1327B5A52B68C9B7000E3BA5 /* SettingsOptionsViewModel.swift in Sources */,
				1327B5912B68B901000E3BA5 /* RegistrationView.swift in Sources */,
			);
			runOnlyForDeploymentPostprocessing = 0;
		};
/* End PBXSourcesBuildPhase section */

/* Begin XCBuildConfiguration section */
		1327B57E2B688623000E3BA5 /* Debug */ = {
			isa = XCBuildConfiguration;
			buildSettings = {
				ALWAYS_SEARCH_USER_PATHS = NO;
				CLANG_ANALYZER_NONNULL = YES;
				CLANG_ANALYZER_NUMBER_OBJECT_CONVERSION = YES_AGGRESSIVE;
				CLANG_CXX_LANGUAGE_STANDARD = "gnu++20";
				CLANG_ENABLE_MODULES = YES;
				CLANG_ENABLE_OBJC_ARC = YES;
				CLANG_ENABLE_OBJC_WEAK = YES;
				CLANG_WARN_BLOCK_CAPTURE_AUTORELEASING = YES;
				CLANG_WARN_BOOL_CONVERSION = YES;
				CLANG_WARN_COMMA = YES;
				CLANG_WARN_CONSTANT_CONVERSION = YES;
				CLANG_WARN_DEPRECATED_OBJC_IMPLEMENTATIONS = YES;
				CLANG_WARN_DIRECT_OBJC_ISA_USAGE = YES_ERROR;
				CLANG_WARN_DOCUMENTATION_COMMENTS = YES;
				CLANG_WARN_EMPTY_BODY = YES;
				CLANG_WARN_ENUM_CONVERSION = YES;
				CLANG_WARN_INFINITE_RECURSION = YES;
				CLANG_WARN_INT_CONVERSION = YES;
				CLANG_WARN_NON_LITERAL_NULL_CONVERSION = YES;
				CLANG_WARN_OBJC_IMPLICIT_RETAIN_SELF = YES;
				CLANG_WARN_OBJC_LITERAL_CONVERSION = YES;
				CLANG_WARN_OBJC_ROOT_CLASS = YES_ERROR;
				CLANG_WARN_QUOTED_INCLUDE_IN_FRAMEWORK_HEADER = YES;
				CLANG_WARN_RANGE_LOOP_ANALYSIS = YES;
				CLANG_WARN_STRICT_PROTOTYPES = YES;
				CLANG_WARN_SUSPICIOUS_MOVE = YES;
				CLANG_WARN_UNGUARDED_AVAILABILITY = YES_AGGRESSIVE;
				CLANG_WARN_UNREACHABLE_CODE = YES;
				CLANG_WARN__DUPLICATE_METHOD_MATCH = YES;
				COPY_PHASE_STRIP = NO;
				DEBUG_INFORMATION_FORMAT = dwarf;
				ENABLE_STRICT_OBJC_MSGSEND = YES;
				ENABLE_TESTABILITY = YES;
				GCC_C_LANGUAGE_STANDARD = gnu11;
				GCC_DYNAMIC_NO_PIC = NO;
				GCC_NO_COMMON_BLOCKS = YES;
				GCC_OPTIMIZATION_LEVEL = 0;
				GCC_PREPROCESSOR_DEFINITIONS = (
					"DEBUG=1",
					"$(inherited)",
				);
				GCC_WARN_64_TO_32_BIT_CONVERSION = YES;
				GCC_WARN_ABOUT_RETURN_TYPE = YES_ERROR;
				GCC_WARN_UNDECLARED_SELECTOR = YES;
				GCC_WARN_UNINITIALIZED_AUTOS = YES_AGGRESSIVE;
				GCC_WARN_UNUSED_FUNCTION = YES;
				GCC_WARN_UNUSED_VARIABLE = YES;
				IPHONEOS_DEPLOYMENT_TARGET = 16.2;
				MTL_ENABLE_DEBUG_INFO = INCLUDE_SOURCE;
				MTL_FAST_MATH = YES;
				ONLY_ACTIVE_ARCH = YES;
				SDKROOT = iphoneos;
				SWIFT_ACTIVE_COMPILATION_CONDITIONS = DEBUG;
				SWIFT_OPTIMIZATION_LEVEL = "-Onone";
			};
			name = Debug;
		};
		1327B57F2B688623000E3BA5 /* Release */ = {
			isa = XCBuildConfiguration;
			buildSettings = {
				ALWAYS_SEARCH_USER_PATHS = NO;
				CLANG_ANALYZER_NONNULL = YES;
				CLANG_ANALYZER_NUMBER_OBJECT_CONVERSION = YES_AGGRESSIVE;
				CLANG_CXX_LANGUAGE_STANDARD = "gnu++20";
				CLANG_ENABLE_MODULES = YES;
				CLANG_ENABLE_OBJC_ARC = YES;
				CLANG_ENABLE_OBJC_WEAK = YES;
				CLANG_WARN_BLOCK_CAPTURE_AUTORELEASING = YES;
				CLANG_WARN_BOOL_CONVERSION = YES;
				CLANG_WARN_COMMA = YES;
				CLANG_WARN_CONSTANT_CONVERSION = YES;
				CLANG_WARN_DEPRECATED_OBJC_IMPLEMENTATIONS = YES;
				CLANG_WARN_DIRECT_OBJC_ISA_USAGE = YES_ERROR;
				CLANG_WARN_DOCUMENTATION_COMMENTS = YES;
				CLANG_WARN_EMPTY_BODY = YES;
				CLANG_WARN_ENUM_CONVERSION = YES;
				CLANG_WARN_INFINITE_RECURSION = YES;
				CLANG_WARN_INT_CONVERSION = YES;
				CLANG_WARN_NON_LITERAL_NULL_CONVERSION = YES;
				CLANG_WARN_OBJC_IMPLICIT_RETAIN_SELF = YES;
				CLANG_WARN_OBJC_LITERAL_CONVERSION = YES;
				CLANG_WARN_OBJC_ROOT_CLASS = YES_ERROR;
				CLANG_WARN_QUOTED_INCLUDE_IN_FRAMEWORK_HEADER = YES;
				CLANG_WARN_RANGE_LOOP_ANALYSIS = YES;
				CLANG_WARN_STRICT_PROTOTYPES = YES;
				CLANG_WARN_SUSPICIOUS_MOVE = YES;
				CLANG_WARN_UNGUARDED_AVAILABILITY = YES_AGGRESSIVE;
				CLANG_WARN_UNREACHABLE_CODE = YES;
				CLANG_WARN__DUPLICATE_METHOD_MATCH = YES;
				COPY_PHASE_STRIP = NO;
				DEBUG_INFORMATION_FORMAT = "dwarf-with-dsym";
				ENABLE_NS_ASSERTIONS = NO;
				ENABLE_STRICT_OBJC_MSGSEND = YES;
				GCC_C_LANGUAGE_STANDARD = gnu11;
				GCC_NO_COMMON_BLOCKS = YES;
				GCC_WARN_64_TO_32_BIT_CONVERSION = YES;
				GCC_WARN_ABOUT_RETURN_TYPE = YES_ERROR;
				GCC_WARN_UNDECLARED_SELECTOR = YES;
				GCC_WARN_UNINITIALIZED_AUTOS = YES_AGGRESSIVE;
				GCC_WARN_UNUSED_FUNCTION = YES;
				GCC_WARN_UNUSED_VARIABLE = YES;
				IPHONEOS_DEPLOYMENT_TARGET = 16.2;
				MTL_ENABLE_DEBUG_INFO = NO;
				MTL_FAST_MATH = YES;
				SDKROOT = iphoneos;
				SWIFT_COMPILATION_MODE = wholemodule;
				SWIFT_OPTIMIZATION_LEVEL = "-O";
				VALIDATE_PRODUCT = YES;
			};
			name = Release;
		};
		1327B5812B688623000E3BA5 /* Debug */ = {
			isa = XCBuildConfiguration;
			buildSettings = {
				ASSETCATALOG_COMPILER_APPICON_NAME = AppIcon;
				ASSETCATALOG_COMPILER_GLOBAL_ACCENT_COLOR_NAME = AccentColor;
				CODE_SIGN_STYLE = Automatic;
				CURRENT_PROJECT_VERSION = 1;
				DEVELOPMENT_ASSET_PATHS = "\"MessageMe/Preview Content\"";
				DEVELOPMENT_TEAM = T94Y3NV5X8;
				ENABLE_PREVIEWS = YES;
				GENERATE_INFOPLIST_FILE = YES;
				INFOPLIST_KEY_UIApplicationSceneManifest_Generation = YES;
				INFOPLIST_KEY_UIApplicationSupportsIndirectInputEvents = YES;
				INFOPLIST_KEY_UILaunchScreen_Generation = YES;
				INFOPLIST_KEY_UISupportedInterfaceOrientations_iPad = "UIInterfaceOrientationPortrait UIInterfaceOrientationPortraitUpsideDown UIInterfaceOrientationLandscapeLeft UIInterfaceOrientationLandscapeRight";
				INFOPLIST_KEY_UISupportedInterfaceOrientations_iPhone = "UIInterfaceOrientationPortrait UIInterfaceOrientationLandscapeLeft UIInterfaceOrientationLandscapeRight";
				LD_RUNPATH_SEARCH_PATHS = (
					"$(inherited)",
					"@executable_path/Frameworks",
				);
				MARKETING_VERSION = 1.0;
				PRODUCT_BUNDLE_IDENTIFIER = AceEzra.MessageMe;
				PRODUCT_NAME = "$(TARGET_NAME)";
				SWIFT_EMIT_LOC_STRINGS = YES;
				SWIFT_VERSION = 5.0;
				TARGETED_DEVICE_FAMILY = "1,2";
			};
			name = Debug;
		};
		1327B5822B688623000E3BA5 /* Release */ = {
			isa = XCBuildConfiguration;
			buildSettings = {
				ASSETCATALOG_COMPILER_APPICON_NAME = AppIcon;
				ASSETCATALOG_COMPILER_GLOBAL_ACCENT_COLOR_NAME = AccentColor;
				CODE_SIGN_STYLE = Automatic;
				CURRENT_PROJECT_VERSION = 1;
				DEVELOPMENT_ASSET_PATHS = "\"MessageMe/Preview Content\"";
				DEVELOPMENT_TEAM = T94Y3NV5X8;
				ENABLE_PREVIEWS = YES;
				GENERATE_INFOPLIST_FILE = YES;
				INFOPLIST_KEY_UIApplicationSceneManifest_Generation = YES;
				INFOPLIST_KEY_UIApplicationSupportsIndirectInputEvents = YES;
				INFOPLIST_KEY_UILaunchScreen_Generation = YES;
				INFOPLIST_KEY_UISupportedInterfaceOrientations_iPad = "UIInterfaceOrientationPortrait UIInterfaceOrientationPortraitUpsideDown UIInterfaceOrientationLandscapeLeft UIInterfaceOrientationLandscapeRight";
				INFOPLIST_KEY_UISupportedInterfaceOrientations_iPhone = "UIInterfaceOrientationPortrait UIInterfaceOrientationLandscapeLeft UIInterfaceOrientationLandscapeRight";
				LD_RUNPATH_SEARCH_PATHS = (
					"$(inherited)",
					"@executable_path/Frameworks",
				);
				MARKETING_VERSION = 1.0;
				PRODUCT_BUNDLE_IDENTIFIER = AceEzra.MessageMe;
				PRODUCT_NAME = "$(TARGET_NAME)";
				SWIFT_EMIT_LOC_STRINGS = YES;
				SWIFT_VERSION = 5.0;
				TARGETED_DEVICE_FAMILY = "1,2";
			};
			name = Release;
		};
/* End XCBuildConfiguration section */

/* Begin XCConfigurationList section */
		1327B56D2B688622000E3BA5 /* Build configuration list for PBXProject "MessageMe" */ = {
			isa = XCConfigurationList;
			buildConfigurations = (
				1327B57E2B688623000E3BA5 /* Debug */,
				1327B57F2B688623000E3BA5 /* Release */,
			);
			defaultConfigurationIsVisible = 0;
			defaultConfigurationName = Release;
		};
		1327B5802B688623000E3BA5 /* Build configuration list for PBXNativeTarget "MessageMe" */ = {
			isa = XCConfigurationList;
			buildConfigurations = (
				1327B5812B688623000E3BA5 /* Debug */,
				1327B5822B688623000E3BA5 /* Release */,
			);
			defaultConfigurationIsVisible = 0;
			defaultConfigurationName = Release;
		};
/* End XCConfigurationList section */

/* Begin XCRemoteSwiftPackageReference section */
		1327B5B62B697CBD000E3BA5 /* XCRemoteSwiftPackageReference "firebase-ios-sdk" */ = {
			isa = XCRemoteSwiftPackageReference;
			repositoryURL = "https://github.com/firebase/firebase-ios-sdk";
			requirement = {
				branch = main;
				kind = branch;
			};
		};
/* End XCRemoteSwiftPackageReference section */

/* Begin XCSwiftPackageProductDependency section */
		1327B5B72B697CBD000E3BA5 /* FirebaseAuth */ = {
			isa = XCSwiftPackageProductDependency;
			package = 1327B5B62B697CBD000E3BA5 /* XCRemoteSwiftPackageReference "firebase-ios-sdk" */;
			productName = FirebaseAuth;
		};
		1327B5B92B697CBD000E3BA5 /* FirebaseFirestore */ = {
			isa = XCSwiftPackageProductDependency;
			package = 1327B5B62B697CBD000E3BA5 /* XCRemoteSwiftPackageReference "firebase-ios-sdk" */;
			productName = FirebaseFirestore;
		};
		1327B5BB2B697CBD000E3BA5 /* FirebaseFirestoreSwift */ = {
			isa = XCSwiftPackageProductDependency;
			package = 1327B5B62B697CBD000E3BA5 /* XCRemoteSwiftPackageReference "firebase-ios-sdk" */;
			productName = FirebaseFirestoreSwift;
		};
		1327B5BD2B697CBD000E3BA5 /* FirebaseStorage */ = {
			isa = XCSwiftPackageProductDependency;
			package = 1327B5B62B697CBD000E3BA5 /* XCRemoteSwiftPackageReference "firebase-ios-sdk" */;
			productName = FirebaseStorage;
		};
/* End XCSwiftPackageProductDependency section */
	};
	rootObject = 1327B56A2B688622000E3BA5 /* Project object */;
}
